
Microsoft Visual Studio Solution File, Format Version 12.00
# Visual Studio Version 17
VisualStudioVersion = 17.9.34622.214
MinimumVisualStudioVersion = 10.0.40219.1
Project("{FAE04EC0-301F-11D3-BF4B-00C04F79EFBC}") = "LAB2", "LAB2\LAB2.csproj", "{031EC6AE-ED66-4EEA-9645-41756E5D82DB}"
EndProject
Global
	GlobalSection(SolutionConfigurationPlatforms) = preSolution
		Debug|Any CPU = Debug|Any CPU
		Release|Any CPU = Release|Any CPU
	EndGlobalSection
	GlobalSection(ProjectConfigurationPlatforms) = postSolution
		{031EC6AE-ED66-4EEA-9645-41756E5D82DB}.Debug|Any CPU.ActiveCfg = Debug|Any CPU
		{031EC6AE-ED66-4EEA-9645-41756E5D82DB}.Debug|Any CPU.Build.0 = Debug|Any CPU
		{031EC6AE-ED66-4EEA-9645-41756E5D82DB}.Release|Any CPU.ActiveCfg = Release|Any CPU
		{031EC6AE-ED66-4EEA-9645-41756E5D82DB}.Release|Any CPU.Build.0 = Release|Any CPU
	EndGlobalSection
	GlobalSection(SolutionProperties) = preSolution
		HideSolutionNode = FALSE
	EndGlobalSection
	GlobalSection(ExtensibilityGlobals) = postSolution
		SolutionGuid = {BC065A7B-A5C9-4E5B-BA81-B7C4CE8A9513}
	EndGlobalSection
EndGlobal
